
Microsoft Visual Studio Solution File, Format Version 12.00
# Visual Studio Version 17
VisualStudioVersion = 17.13.35825.156 d17.13
MinimumVisualStudioVersion = 10.0.40219.1
Project("{FAE04EC0-301F-11D3-BF4B-00C04F79EFBC}") = "DOCOSoft.UserAPI", "DOCOSoft.UserAPI.csproj", "{97CDBB67-B1B2-4323-9718-67AA7F41D422}"
EndProject
Project("{FAE04EC0-301F-11D3-BF4B-00C04F79EFBC}") = "DOCOSoft.UserAPI.Tests", "..\DOCOSoft.UserAPI.Tests\DOCOSoft.UserAPI.Tests.csproj", "{ADF7A896-7059-4650-A2C8-5A912A8C851E}"
EndProject
Global
	GlobalSection(SolutionConfigurationPlatforms) = preSolution
		Debug|Any CPU = Debug|Any CPU
		Release|Any CPU = Release|Any CPU
	EndGlobalSection
	GlobalSection(ProjectConfigurationPlatforms) = postSolution
		{97CDBB67-B1B2-4323-9718-67AA7F41D422}.Debug|Any CPU.ActiveCfg = Debug|Any CPU
		{97CDBB67-B1B2-4323-9718-67AA7F41D422}.Debug|Any CPU.Build.0 = Debug|Any CPU
		{97CDBB67-B1B2-4323-9718-67AA7F41D422}.Release|Any CPU.ActiveCfg = Release|Any CPU
		{97CDBB67-B1B2-4323-9718-67AA7F41D422}.Release|Any CPU.Build.0 = Release|Any CPU
		{ADF7A896-7059-4650-A2C8-5A912A8C851E}.Debug|Any CPU.ActiveCfg = Debug|Any CPU
		{ADF7A896-7059-4650-A2C8-5A912A8C851E}.Debug|Any CPU.Build.0 = Debug|Any CPU
		{ADF7A896-7059-4650-A2C8-5A912A8C851E}.Release|Any CPU.ActiveCfg = Release|Any CPU
		{ADF7A896-7059-4650-A2C8-5A912A8C851E}.Release|Any CPU.Build.0 = Release|Any CPU
	EndGlobalSection
	GlobalSection(SolutionProperties) = preSolution
		HideSolutionNode = FALSE
	EndGlobalSection
	GlobalSection(ExtensibilityGlobals) = postSolution
		SolutionGuid = {9D1C688C-D65F-46F9-9E96-7D5FDBE53A44}
	EndGlobalSection
EndGlobal
